
Microsoft Visual Studio Solution File, Format Version 12.00
# Visual Studio Version 17
VisualStudioVersion = 17.4.33213.308
MinimumVisualStudioVersion = 10.0.40219.1
Project("{9A19103F-16F7-4668-BE54-9A1E7A4F7556}") = "OtoGaleriPresentationLayer", "OtoGaleriPresentationLayer\OtoGaleriPresentationLayer.csproj", "{0F20B593-D8D1-4AE6-A6A8-EF1C375DE926}"
EndProject
Project("{9A19103F-16F7-4668-BE54-9A1E7A4F7556}") = "CoreLayer", "CoreLayer\CoreLayer.csproj", "{A2F5C10B-3F3C-4F82-BEC8-DF07583D7BA0}"
EndProject
Project("{9A19103F-16F7-4668-BE54-9A1E7A4F7556}") = "DataAccessLayer", "DataAccessLayer\DataAccessLayer.csproj", "{5580046D-01BC-4038-95BF-4A7789EB7422}"
EndProject
Project("{9A19103F-16F7-4668-BE54-9A1E7A4F7556}") = "BusinessLayer", "BusinessLayer\BusinessLayer.csproj", "{3736D3B1-4B11-4991-A9BB-21F3DC6E2588}"
EndProject
Global
	GlobalSection(SolutionConfigurationPlatforms) = preSolution
		Debug|Any CPU = Debug|Any CPU
		Release|Any CPU = Release|Any CPU
	EndGlobalSection
	GlobalSection(ProjectConfigurationPlatforms) = postSolution
		{0F20B593-D8D1-4AE6-A6A8-EF1C375DE926}.Debug|Any CPU.ActiveCfg = Debug|Any CPU
		{0F20B593-D8D1-4AE6-A6A8-EF1C375DE926}.Debug|Any CPU.Build.0 = Debug|Any CPU
		{0F20B593-D8D1-4AE6-A6A8-EF1C375DE926}.Release|Any CPU.ActiveCfg = Release|Any CPU
		{0F20B593-D8D1-4AE6-A6A8-EF1C375DE926}.Release|Any CPU.Build.0 = Release|Any CPU
		{A2F5C10B-3F3C-4F82-BEC8-DF07583D7BA0}.Debug|Any CPU.ActiveCfg = Debug|Any CPU
		{A2F5C10B-3F3C-4F82-BEC8-DF07583D7BA0}.Debug|Any CPU.Build.0 = Debug|Any CPU
		{A2F5C10B-3F3C-4F82-BEC8-DF07583D7BA0}.Release|Any CPU.ActiveCfg = Release|Any CPU
		{A2F5C10B-3F3C-4F82-BEC8-DF07583D7BA0}.Release|Any CPU.Build.0 = Release|Any CPU
		{5580046D-01BC-4038-95BF-4A7789EB7422}.Debug|Any CPU.ActiveCfg = Debug|Any CPU
		{5580046D-01BC-4038-95BF-4A7789EB7422}.Debug|Any CPU.Build.0 = Debug|Any CPU
		{5580046D-01BC-4038-95BF-4A7789EB7422}.Release|Any CPU.ActiveCfg = Release|Any CPU
		{5580046D-01BC-4038-95BF-4A7789EB7422}.Release|Any CPU.Build.0 = Release|Any CPU
		{3736D3B1-4B11-4991-A9BB-21F3DC6E2588}.Debug|Any CPU.ActiveCfg = Debug|Any CPU
		{3736D3B1-4B11-4991-A9BB-21F3DC6E2588}.Debug|Any CPU.Build.0 = Debug|Any CPU
		{3736D3B1-4B11-4991-A9BB-21F3DC6E2588}.Release|Any CPU.ActiveCfg = Release|Any CPU
		{3736D3B1-4B11-4991-A9BB-21F3DC6E2588}.Release|Any CPU.Build.0 = Release|Any CPU
	EndGlobalSection
	GlobalSection(SolutionProperties) = preSolution
		HideSolutionNode = FALSE
	EndGlobalSection
	GlobalSection(ExtensibilityGlobals) = postSolution
		SolutionGuid = {8E87243B-8EDB-4409-BAD4-5F04294560FA}
	EndGlobalSection
EndGlobal
